
Microsoft Visual Studio Solution File, Format Version 12.00
# Visual Studio Version 16
VisualStudioVersion = 16.0.31129.286
MinimumVisualStudioVersion = 10.0.40219.1
Project("{9A19103F-16F7-4668-BE54-9A1E7A4F7556}") = "staticpage", "staticpage\staticpage.csproj", "{9BC90EC2-D3D8-4CDC-9C63-11F2CA5D4EE7}"
EndProject
Project("{9A19103F-16F7-4668-BE54-9A1E7A4F7556}") = "cprocess", "cprocess\cprocess.csproj", "{8B57EEF1-5B2C-48AC-BCB5-11F372572ADE}"
EndProject
Project("{9A19103F-16F7-4668-BE54-9A1E7A4F7556}") = "nutesttdd", "nutesttdd\nutesttdd.csproj", "{BAA7A487-14E4-4333-A22A-C24949F592B9}"
EndProject
Project("{FAE04EC0-301F-11D3-BF4B-00C04F79EFBC}") = "captcha", "captcha\captcha.csproj", "{3F03D2A7-CBB2-4BB3-84E7-9A6C8C06687B}"
EndProject
Project("{FAE04EC0-301F-11D3-BF4B-00C04F79EFBC}") = "tssrazor", "tssrazor\tssrazor.csproj", "{73FE374F-90E5-4856-9A34-076471D9ACAE}"
EndProject
Project("{FAE04EC0-301F-11D3-BF4B-00C04F79EFBC}") = "tssnutest", "tssnutest\tssnutest.csproj", "{9420C646-D693-4C58-887B-7D1561C8A8BF}"
EndProject
Global
	GlobalSection(SolutionConfigurationPlatforms) = preSolution
		Debug|Any CPU = Debug|Any CPU
		Release|Any CPU = Release|Any CPU
	EndGlobalSection
	GlobalSection(ProjectConfigurationPlatforms) = postSolution
		{9BC90EC2-D3D8-4CDC-9C63-11F2CA5D4EE7}.Debug|Any CPU.ActiveCfg = Debug|Any CPU
		{9BC90EC2-D3D8-4CDC-9C63-11F2CA5D4EE7}.Debug|Any CPU.Build.0 = Debug|Any CPU
		{9BC90EC2-D3D8-4CDC-9C63-11F2CA5D4EE7}.Release|Any CPU.ActiveCfg = Release|Any CPU
		{9BC90EC2-D3D8-4CDC-9C63-11F2CA5D4EE7}.Release|Any CPU.Build.0 = Release|Any CPU
		{8B57EEF1-5B2C-48AC-BCB5-11F372572ADE}.Debug|Any CPU.ActiveCfg = Debug|Any CPU
		{8B57EEF1-5B2C-48AC-BCB5-11F372572ADE}.Debug|Any CPU.Build.0 = Debug|Any CPU
		{8B57EEF1-5B2C-48AC-BCB5-11F372572ADE}.Release|Any CPU.ActiveCfg = Release|Any CPU
		{8B57EEF1-5B2C-48AC-BCB5-11F372572ADE}.Release|Any CPU.Build.0 = Release|Any CPU
		{BAA7A487-14E4-4333-A22A-C24949F592B9}.Debug|Any CPU.ActiveCfg = Debug|Any CPU
		{BAA7A487-14E4-4333-A22A-C24949F592B9}.Debug|Any CPU.Build.0 = Debug|Any CPU
		{BAA7A487-14E4-4333-A22A-C24949F592B9}.Release|Any CPU.ActiveCfg = Release|Any CPU
		{BAA7A487-14E4-4333-A22A-C24949F592B9}.Release|Any CPU.Build.0 = Release|Any CPU
		{3F03D2A7-CBB2-4BB3-84E7-9A6C8C06687B}.Debug|Any CPU.ActiveCfg = Debug|Any CPU
		{3F03D2A7-CBB2-4BB3-84E7-9A6C8C06687B}.Debug|Any CPU.Build.0 = Debug|Any CPU
		{3F03D2A7-CBB2-4BB3-84E7-9A6C8C06687B}.Release|Any CPU.ActiveCfg = Release|Any CPU
		{3F03D2A7-CBB2-4BB3-84E7-9A6C8C06687B}.Release|Any CPU.Build.0 = Release|Any CPU
		{73FE374F-90E5-4856-9A34-076471D9ACAE}.Debug|Any CPU.ActiveCfg = Debug|Any CPU
		{73FE374F-90E5-4856-9A34-076471D9ACAE}.Debug|Any CPU.Build.0 = Debug|Any CPU
		{73FE374F-90E5-4856-9A34-076471D9ACAE}.Release|Any CPU.ActiveCfg = Release|Any CPU
		{73FE374F-90E5-4856-9A34-076471D9ACAE}.Release|Any CPU.Build.0 = Release|Any CPU
		{9420C646-D693-4C58-887B-7D1561C8A8BF}.Debug|Any CPU.ActiveCfg = Debug|Any CPU
		{9420C646-D693-4C58-887B-7D1561C8A8BF}.Debug|Any CPU.Build.0 = Debug|Any CPU
		{9420C646-D693-4C58-887B-7D1561C8A8BF}.Release|Any CPU.ActiveCfg = Release|Any CPU
		{9420C646-D693-4C58-887B-7D1561C8A8BF}.Release|Any CPU.Build.0 = Release|Any CPU
	EndGlobalSection
	GlobalSection(SolutionProperties) = preSolution
		HideSolutionNode = FALSE
	EndGlobalSection
	GlobalSection(ExtensibilityGlobals) = postSolution
		SolutionGuid = {AD40A772-1C9B-4071-9A85-CB8DE31E5755}
	EndGlobalSection
EndGlobal
